
Microsoft Visual Studio Solution File, Format Version 12.00
# Visual Studio Version 17
VisualStudioVersion = 17.9.34714.143
MinimumVisualStudioVersion = 10.0.40219.1
Project("{9A19103F-16F7-4668-BE54-9A1E7A4F7556}") = "Practice", "Practice\Practice.csproj", "{026BE92F-20E7-4F88-97C8-47746B20E3A3}"
EndProject
Project("{9A19103F-16F7-4668-BE54-9A1E7A4F7556}") = "MultiThreading", "MultiThreading\MultiThreading.csproj", "{E2B00E76-AE5B-4D8E-8CB2-44608D8D5103}"
EndProject
Project("{FAE04EC0-301F-11D3-BF4B-00C04F79EFBC}") = "MulitiThreadAsync", "MulitiThreadAsync\MulitiThreadAsync.csproj", "{D022F311-16AE-43B9-B386-1ECF8D253055}"
EndProject
Global
	GlobalSection(SolutionConfigurationPlatforms) = preSolution
		Debug|Any CPU = Debug|Any CPU
		Release|Any CPU = Release|Any CPU
	EndGlobalSection
	GlobalSection(ProjectConfigurationPlatforms) = postSolution
		{026BE92F-20E7-4F88-97C8-47746B20E3A3}.Debug|Any CPU.ActiveCfg = Debug|Any CPU
		{026BE92F-20E7-4F88-97C8-47746B20E3A3}.Debug|Any CPU.Build.0 = Debug|Any CPU
		{026BE92F-20E7-4F88-97C8-47746B20E3A3}.Release|Any CPU.ActiveCfg = Release|Any CPU
		{026BE92F-20E7-4F88-97C8-47746B20E3A3}.Release|Any CPU.Build.0 = Release|Any CPU
		{E2B00E76-AE5B-4D8E-8CB2-44608D8D5103}.Debug|Any CPU.ActiveCfg = Debug|Any CPU
		{E2B00E76-AE5B-4D8E-8CB2-44608D8D5103}.Debug|Any CPU.Build.0 = Debug|Any CPU
		{E2B00E76-AE5B-4D8E-8CB2-44608D8D5103}.Release|Any CPU.ActiveCfg = Release|Any CPU
		{E2B00E76-AE5B-4D8E-8CB2-44608D8D5103}.Release|Any CPU.Build.0 = Release|Any CPU
		{D022F311-16AE-43B9-B386-1ECF8D253055}.Debug|Any CPU.ActiveCfg = Debug|Any CPU
		{D022F311-16AE-43B9-B386-1ECF8D253055}.Debug|Any CPU.Build.0 = Debug|Any CPU
		{D022F311-16AE-43B9-B386-1ECF8D253055}.Release|Any CPU.ActiveCfg = Release|Any CPU
		{D022F311-16AE-43B9-B386-1ECF8D253055}.Release|Any CPU.Build.0 = Release|Any CPU
	EndGlobalSection
	GlobalSection(SolutionProperties) = preSolution
		HideSolutionNode = FALSE
	EndGlobalSection
	GlobalSection(ExtensibilityGlobals) = postSolution
		SolutionGuid = {E7A97E80-B2E7-4D25-ABFF-B208F1ADDEA7}
	EndGlobalSection
EndGlobal
